Microsoft Visual Studio Solution File, Format Version 12.00
# Visual Studio Version 17
VisualStudioVersion = 17.0.31903.59
MinimumVisualStudioVersion = 10.0.40219.1
Project("{9A19103F-16F7-4668-BE54-9A1E7A4F7556}") = "CleanBin", "CleanBin\CleanBin.csproj", "{9D1F8A8E-6110-4A51-9453-9A9B8D50FBF9}"
EndProject
Project("{9A19103F-16F7-4668-BE54-9A1E7A4F7556}") = "Desktop", "Desktop\Desktop.csproj", "{D8DD289D-36D0-4DE1-B63F-3C34223DEA55}"
EndProject
Project("{9A19103F-16F7-4668-BE54-9A1E7A4F7556}") = "CleanBin.Tests", "CleanBin.Tests\CleanBin.Tests.csproj", "{F1E2D3C4-B5A6-9870-1234-567890ABCDEF}"
EndProject
Global
	GlobalSection(SolutionConfigurationPlatforms) = preSolution
		Debug|Any CPU = Debug|Any CPU
		Release|Any CPU = Release|Any CPU
	EndGlobalSection
	GlobalSection(ProjectConfigurationPlatforms) = postSolution
		{9D1F8A8E-6110-4A51-9453-9A9B8D50FBF9}.Debug|Any CPU.ActiveCfg = Debug|Any CPU
		{9D1F8A8E-6110-4A51-9453-9A9B8D50FBF9}.Debug|Any CPU.Build.0 = Debug|Any CPU
		{9D1F8A8E-6110-4A51-9453-9A9B8D50FBF9}.Release|Any CPU.ActiveCfg = Release|Any CPU
		{9D1F8A8E-6110-4A51-9453-9A9B8D50FBF9}.Release|Any CPU.Build.0 = Release|Any CPU
		{D8DD289D-36D0-4DE1-B63F-3C34223DEA55}.Debug|Any CPU.ActiveCfg = Debug|Any CPU
		{D8DD289D-36D0-4DE1-B63F-3C34223DEA55}.Debug|Any CPU.Build.0 = Debug|Any CPU
		{D8DD289D-36D0-4DE1-B63F-3C34223DEA55}.Release|Any CPU.ActiveCfg = Release|Any CPU
		{D8DD289D-36D0-4DE1-B63F-3C34223DEA55}.Release|Any CPU.Build.0 = Release|Any CPU
		{F1E2D3C4-B5A6-9870-1234-567890ABCDEF}.Debug|Any CPU.ActiveCfg = Debug|Any CPU
		{F1E2D3C4-B5A6-9870-1234-567890ABCDEF}.Debug|Any CPU.Build.0 = Debug|Any CPU
		{F1E2D3C4-B5A6-9870-1234-567890ABCDEF}.Release|Any CPU.ActiveCfg = Release|Any CPU
		{F1E2D3C4-B5A6-9870-1234-567890ABCDEF}.Release|Any CPU.Build.0 = Release|Any CPU
	EndGlobalSection
	GlobalSection(SolutionProperties) = preSolution
		HideSolutionNode = FALSE
	EndGlobalSection
	GlobalSection(ExtensibilityGlobals) = postSolution
		SolutionGuid = {A1B2C3D4-E5F6-7890-ABCD-EF1234567890}
	EndGlobalSection
EndGlobal