
Microsoft Visual Studio Solution File, Format Version 12.00
# Visual Studio 2013
VisualStudioVersion = 12.0.0.0
MinimumVisualStudioVersion = 10.0.0.1
Project("{FAE04EC0-301F-11D3-BF4B-00C04F79EFBC}") = "Desktop", "Desktop\Desktop.csproj", "{D8DD289D-36D0-4DE1-B63F-3C34223DEA55}"
EndProject
Project("{FAE04EC0-301F-11D3-BF4B-00C04F79EFBC}") = "CleanBin", "CleanBin\CleanBin.csproj", "{9D1F8A8E-6110-4A51-9453-9A9B8D50FBF9}"
EndProject
Global
	GlobalSection(SolutionConfigurationPlatforms) = preSolution
		Debug|Any CPU = Debug|Any CPU
		Release|Any CPU = Release|Any CPU
	EndGlobalSection
	GlobalSection(ProjectConfigurationPlatforms) = postSolution
		{D8DD289D-36D0-4DE1-B63F-3C34223DEA55}.Debug|Any CPU.ActiveCfg = Debug|Any CPU
		{D8DD289D-36D0-4DE1-B63F-3C34223DEA55}.Debug|Any CPU.Build.0 = Debug|Any CPU
		{D8DD289D-36D0-4DE1-B63F-3C34223DEA55}.Release|Any CPU.ActiveCfg = Release|Any CPU
		{D8DD289D-36D0-4DE1-B63F-3C34223DEA55}.Release|Any CPU.Build.0 = Release|Any CPU
		{9D1F8A8E-6110-4A51-9453-9A9B8D50FBF9}.Debug|Any CPU.ActiveCfg = Debug|Any CPU
		{9D1F8A8E-6110-4A51-9453-9A9B8D50FBF9}.Debug|Any CPU.Build.0 = Debug|Any CPU
		{9D1F8A8E-6110-4A51-9453-9A9B8D50FBF9}.Release|Any CPU.ActiveCfg = Release|Any CPU
		{9D1F8A8E-6110-4A51-9453-9A9B8D50FBF9}.Release|Any CPU.Build.0 = Release|Any CPU
	EndGlobalSection
	GlobalSection(SolutionProperties) = preSolution
		HideSolutionNode = FALSE
	EndGlobalSection
EndGlobal
